
Microsoft Visual Studio Solution File, Format Version 12.00
# Visual Studio Version 17
VisualStudioVersion = 17.0.31919.166
MinimumVisualStudioVersion = 10.0.40219.1
Project("{9A19103F-16F7-4668-BE54-9A1E7A4F7556}") = "ConsoleApp", "ConsoleApp\ConsoleApp.csproj", "{5D4957BA-D7FC-4A2A-8A8D-1F0148DA93F5}"
EndProject
Project("{9A19103F-16F7-4668-BE54-9A1E7A4F7556}") = "ClassLibrary", "ClassLibrary\ClassLibrary.csproj", "{B7F4D336-9BA4-4F20-8828-CC5B99509AE2}"
EndProject
Project("{9A19103F-16F7-4668-BE54-9A1E7A4F7556}") = "TestProject", "TestProject5\TestProject.csproj", "{F29CD28F-DB46-47D1-ADA8-9B3F55365B4F}"
EndProject
Project("{FAE04EC0-301F-11D3-BF4B-00C04F79EFBC}") = "RepositoryTestProject", "RepositoryTestProject\RepositoryTestProject.csproj", "{0B3AF7EC-889F-4556-B417-118304B57420}"
EndProject
Global
	GlobalSection(SolutionConfigurationPlatforms) = preSolution
		Debug|Any CPU = Debug|Any CPU
		Release|Any CPU = Release|Any CPU
	EndGlobalSection
	GlobalSection(ProjectConfigurationPlatforms) = postSolution
		{5D4957BA-D7FC-4A2A-8A8D-1F0148DA93F5}.Debug|Any CPU.ActiveCfg = Debug|Any CPU
		{5D4957BA-D7FC-4A2A-8A8D-1F0148DA93F5}.Debug|Any CPU.Build.0 = Debug|Any CPU
		{5D4957BA-D7FC-4A2A-8A8D-1F0148DA93F5}.Release|Any CPU.ActiveCfg = Release|Any CPU
		{5D4957BA-D7FC-4A2A-8A8D-1F0148DA93F5}.Release|Any CPU.Build.0 = Release|Any CPU
		{B7F4D336-9BA4-4F20-8828-CC5B99509AE2}.Debug|Any CPU.ActiveCfg = Debug|Any CPU
		{B7F4D336-9BA4-4F20-8828-CC5B99509AE2}.Debug|Any CPU.Build.0 = Debug|Any CPU
		{B7F4D336-9BA4-4F20-8828-CC5B99509AE2}.Release|Any CPU.ActiveCfg = Release|Any CPU
		{B7F4D336-9BA4-4F20-8828-CC5B99509AE2}.Release|Any CPU.Build.0 = Release|Any CPU
		{F29CD28F-DB46-47D1-ADA8-9B3F55365B4F}.Debug|Any CPU.ActiveCfg = Debug|Any CPU
		{F29CD28F-DB46-47D1-ADA8-9B3F55365B4F}.Debug|Any CPU.Build.0 = Debug|Any CPU
		{F29CD28F-DB46-47D1-ADA8-9B3F55365B4F}.Release|Any CPU.ActiveCfg = Release|Any CPU
		{F29CD28F-DB46-47D1-ADA8-9B3F55365B4F}.Release|Any CPU.Build.0 = Release|Any CPU
		{0B3AF7EC-889F-4556-B417-118304B57420}.Debug|Any CPU.ActiveCfg = Debug|Any CPU
		{0B3AF7EC-889F-4556-B417-118304B57420}.Debug|Any CPU.Build.0 = Debug|Any CPU
		{0B3AF7EC-889F-4556-B417-118304B57420}.Release|Any CPU.ActiveCfg = Release|Any CPU
		{0B3AF7EC-889F-4556-B417-118304B57420}.Release|Any CPU.Build.0 = Release|Any CPU
	EndGlobalSection
	GlobalSection(SolutionProperties) = preSolution
		HideSolutionNode = FALSE
	EndGlobalSection
	GlobalSection(ExtensibilityGlobals) = postSolution
		SolutionGuid = {51B95F75-EC9C-461A-A73F-B35C1D964D3B}
	EndGlobalSection
EndGlobal
